
Microsoft Visual Studio Solution File, Format Version 12.00
# Visual Studio Version 17
VisualStudioVersion = 17.9.34622.214
MinimumVisualStudioVersion = 10.0.40219.1
Project("{9A19103F-16F7-4668-BE54-9A1E7A4F7556}") = "WpfApp1", "WpfApp1\WpfApp1.csproj", "{6786D211-2719-476D-8FDE-22E0DF2D617D}"
EndProject
Project("{9A19103F-16F7-4668-BE54-9A1E7A4F7556}") = "DataBase", "ClassLibrary1\DataBase.csproj", "{91ABF4ED-AFF8-4145-A76C-D98684F40D1B}"
EndProject
Project("{9A19103F-16F7-4668-BE54-9A1E7A4F7556}") = "Tools", "Tools\Tools.csproj", "{BC0C22D4-CA20-4DE4-8DE2-16E8C74E0E83}"
EndProject
Global
	GlobalSection(SolutionConfigurationPlatforms) = preSolution
		Debug|Any CPU = Debug|Any CPU
		Release|Any CPU = Release|Any CPU
	EndGlobalSection
	GlobalSection(ProjectConfigurationPlatforms) = postSolution
		{6786D211-2719-476D-8FDE-22E0DF2D617D}.Debug|Any CPU.ActiveCfg = Debug|Any CPU
		{6786D211-2719-476D-8FDE-22E0DF2D617D}.Debug|Any CPU.Build.0 = Debug|Any CPU
		{6786D211-2719-476D-8FDE-22E0DF2D617D}.Release|Any CPU.ActiveCfg = Release|Any CPU
		{6786D211-2719-476D-8FDE-22E0DF2D617D}.Release|Any CPU.Build.0 = Release|Any CPU
		{91ABF4ED-AFF8-4145-A76C-D98684F40D1B}.Debug|Any CPU.ActiveCfg = Debug|Any CPU
		{91ABF4ED-AFF8-4145-A76C-D98684F40D1B}.Debug|Any CPU.Build.0 = Debug|Any CPU
		{91ABF4ED-AFF8-4145-A76C-D98684F40D1B}.Release|Any CPU.ActiveCfg = Release|Any CPU
		{91ABF4ED-AFF8-4145-A76C-D98684F40D1B}.Release|Any CPU.Build.0 = Release|Any CPU
		{BC0C22D4-CA20-4DE4-8DE2-16E8C74E0E83}.Debug|Any CPU.ActiveCfg = Debug|Any CPU
		{BC0C22D4-CA20-4DE4-8DE2-16E8C74E0E83}.Debug|Any CPU.Build.0 = Debug|Any CPU
		{BC0C22D4-CA20-4DE4-8DE2-16E8C74E0E83}.Release|Any CPU.ActiveCfg = Release|Any CPU
		{BC0C22D4-CA20-4DE4-8DE2-16E8C74E0E83}.Release|Any CPU.Build.0 = Release|Any CPU
	EndGlobalSection
	GlobalSection(SolutionProperties) = preSolution
		HideSolutionNode = FALSE
	EndGlobalSection
	GlobalSection(ExtensibilityGlobals) = postSolution
		SolutionGuid = {572BF162-EC03-41AE-8064-9219A78F7C46}
	EndGlobalSection
EndGlobal
